{
  "name": "myhometown",
  "version": "1.0.0",
  "lockfileVersion": 1,
  "requires": true,
  "dependencies": {
    "axios": {
      "version": "0.21.1",
      "resolved": "https://registry.npm.taobao.org/axios/download/axios-0.21.1.tgz",
      "integrity": "sha1-IlY0gZYvTWvemnbVFu8OXTwJsrg=",
      "dev": true,
      "requires": {
        "follow-redirects": "^1.10.0"
      }
    },
    "follow-redirects": {
      "version": "1.13.3",
      "resolved": "https://registry.npm.taobao.org/follow-redirects/download/follow-redirects-1.13.3.tgz?cache=0&sync_timestamp=1614437038110&other_urls=https%3A%2F%2Fregistry.npm.taobao.org%2Ffollow-redirects%2Fdownload%2Ffollow-redirects-1.13.3.tgz",
      "integrity": "sha1-5VmK1QF0wbxOhyMB6CrCzZf5Amc=",
      "dev": true
    },
    "js-cookie": {
      "version": "2.2.1",
      "resolved": "https://registry.npm.taobao.org/js-cookie/download/js-cookie-2.2.1.tgz",
      "integrity": "sha1-aeEG3F1YBolFYpAqpbrsN0Tpsrg=",
      "dev": true
    },
    "js-tokens": {
      "version": "6.0.0",
      "resolved": "https://registry.npm.taobao.org/js-tokens/download/js-tokens-6.0.0.tgz",
      "integrity": "sha1-PCnTqFHUvZL4ZBXmWZe0tGs2Zcw=",
      "dev": true
    },
    "jsencrypt": {
      "version": "3.1.0",
      "resolved": "https://registry.npm.taobao.org/jsencrypt/download/jsencrypt-3.1.0.tgz",
      "integrity": "sha1-Y0ImySxUjdmmn4NSdwoy5Y6DFyg=",
      "dev": true
    }
  }
}
